
Microsoft Visual Studio Solution File, Format Version 12.00
# Visual Studio 15
VisualStudioVersion = 15.0.27130.2036
MinimumVisualStudioVersion = 10.0.40219.1
Project("{FAE04EC0-301F-11D3-BF4B-00C04F79EFBC}") = "DecisionTree", "DecisionTree\DecisionTree.csproj", "{3D6B889C-33B2-478B-B17E-A9C22D12291C}"
EndProject
Global
	GlobalSection(SolutionConfigurationPlatforms) = preSolution
		Debug|Any CPU = Debug|Any CPU
		Release|Any CPU = Release|Any CPU
	EndGlobalSection
	GlobalSection(ProjectConfigurationPlatforms) = postSolution
		{3D6B889C-33B2-478B-B17E-A9C22D12291C}.Debug|Any CPU.ActiveCfg = Debug|Any CPU
		{3D6B889C-33B2-478B-B17E-A9C22D12291C}.Debug|Any CPU.Build.0 = Debug|Any CPU
		{3D6B889C-33B2-478B-B17E-A9C22D12291C}.Release|Any CPU.ActiveCfg = Release|Any CPU
		{3D6B889C-33B2-478B-B17E-A9C22D12291C}.Release|Any CPU.Build.0 = Release|Any CPU
	EndGlobalSection
	GlobalSection(SolutionProperties) = preSolution
		HideSolutionNode = FALSE
	EndGlobalSection
	GlobalSection(ExtensibilityGlobals) = postSolution
		SolutionGuid = {FD36DE5D-6518-442F-8347-68039FFD4338}
	EndGlobalSection
EndGlobal
